
Microsoft Visual Studio Solution File, Format Version 12.00
# Visual Studio Version 16
VisualStudioVersion = 16.0.33927.289
MinimumVisualStudioVersion = 10.0.40219.1
Project("{FAE04EC0-301F-11D3-BF4B-00C04F79EFBC}") = "Observer10", "Observer10\Observer10.csproj", "{48F24491-CF82-408A-ACF7-893EE9ED1801}"
EndProject
Global
	GlobalSection(SolutionConfigurationPlatforms) = preSolution
		Debug|Any CPU = Debug|Any CPU
		Release|Any CPU = Release|Any CPU
	EndGlobalSection
	GlobalSection(ProjectConfigurationPlatforms) = postSolution
		{48F24491-CF82-408A-ACF7-893EE9ED1801}.Debug|Any CPU.ActiveCfg = Debug|Any CPU
		{48F24491-CF82-408A-ACF7-893EE9ED1801}.Debug|Any CPU.Build.0 = Debug|Any CPU
		{48F24491-CF82-408A-ACF7-893EE9ED1801}.Release|Any CPU.ActiveCfg = Release|Any CPU
		{48F24491-CF82-408A-ACF7-893EE9ED1801}.Release|Any CPU.Build.0 = Release|Any CPU
	EndGlobalSection
	GlobalSection(SolutionProperties) = preSolution
		HideSolutionNode = FALSE
	EndGlobalSection
	GlobalSection(ExtensibilityGlobals) = postSolution
		SolutionGuid = {49E07D05-EE23-4CF0-99B2-0BF1AA43F0C2}
	EndGlobalSection
EndGlobal
